// !$*UTF8*$!
{
	archiveVersion = 1;
	classes = {
	};
	objectVersion = 56;
	objects = {

/* Begin PBXBuildFile section */
		3A98F9BA2B84EE9500148759 /* iKnowApp.swift in Sources */ = {isa = PBXBuildFile; fileRef = 3A98F9B92B84EE9500148759 /* iKnowApp.swift */; };
		3A98F9BC2B84EE9500148759 /* ContentView.swift in Sources */ = {isa = PBXBuildFile; fileRef = 3A98F9BB2B84EE9500148759 /* ContentView.swift */; };
		3A98F9BE2B84EE9700148759 /* Assets.xcassets in Resources */ = {isa = PBXBuildFile; fileRef = 3A98F9BD2B84EE9700148759 /* Assets.xcassets */; };
		3A98F9C22B84EE9700148759 /* Preview Assets.xcassets in Resources */ = {isa = PBXBuildFile; fileRef = 3A98F9C12B84EE9700148759 /* Preview Assets.xcassets */; };
		3A98F9CC2B84EE9700148759 /* iKnowTests.swift in Sources */ = {isa = PBXBuildFile; fileRef = 3A98F9CB2B84EE9700148759 /* iKnowTests.swift */; };
		3A98F9D62B84EE9700148759 /* iKnowUITests.swift in Sources */ = {isa = PBXBuildFile; fileRef = 3A98F9D52B84EE9700148759 /* iKnowUITests.swift */; };
		3A98F9D82B84EE9700148759 /* iKnowUITestsLaunchTests.swift in Sources */ = {isa = PBXBuildFile; fileRef = 3A98F9D72B84EE9700148759 /* iKnowUITestsLaunchTests.swift */; };
		3AB2C2012B9077E100953BF9 /* AudioService.swift in Sources */ = {isa = PBXBuildFile; fileRef = 3AB2C1FE2B9077E100953BF9 /* AudioService.swift */; };
		3AB2C2022B9077E100953BF9 /* NetworkService.swift in Sources */ = {isa = PBXBuildFile; fileRef = 3AB2C1FF2B9077E100953BF9 /* NetworkService.swift */; };
		3AB2C2032B9077E100953BF9 /* AudioRecorderViewModel.swift in Sources */ = {isa = PBXBuildFile; fileRef = 3AB2C2002B9077E100953BF9 /* AudioRecorderViewModel.swift */; };
/* End PBXBuildFile section */

/* Begin PBXContainerItemProxy section */
		3A98F9C82B84EE9700148759 /* PBXContainerItemProxy */ = {
			isa = PBXContainerItemProxy;
			containerPortal = 3A98F9AE2B84EE9500148759 /* Project object */;
			proxyType = 1;
			remoteGlobalIDString = 3A98F9B52B84EE9500148759;
			remoteInfo = iKnow;
		};
		3A98F9D22B84EE9700148759 /* PBXContainerItemProxy */ = {
			isa = PBXContainerItemProxy;
			containerPortal = 3A98F9AE2B84EE9500148759 /* Project object */;
			proxyType = 1;
			remoteGlobalIDString = 3A98F9B52B84EE9500148759;
			remoteInfo = iKnow;
		};
/* End PBXContainerItemProxy section */

/* Begin PBXFileReference section */
		3A569C3E2B84F23F006E5A6B /* Info.plist */ = {isa = PBXFileReference; lastKnownFileType = text.plist; path = Info.plist; sourceTree = "<group>"; };
		3A98F9B62B84EE9500148759 /* iKnow.app */ = {isa = PBXFileReference; explicitFileType = wrapper.application; includeInIndex = 0; path = iKnow.app; sourceTree = BUILT_PRODUCTS_DIR; };
		3A98F9B92B84EE9500148759 /* iKnowApp.swift */ = {isa = PBXFileReference; lastKnownFileType = sourcecode.swift; path = iKnowApp.swift; sourceTree = "<group>"; };
		3A98F9BB2B84EE9500148759 /* ContentView.swift */ = {isa = PBXFileReference; lastKnownFileType = sourcecode.swift; path = ContentView.swift; sourceTree = "<group>"; };
		3A98F9BD2B84EE9700148759 /* Assets.xcassets */ = {isa = PBXFileReference; lastKnownFileType = folder.assetcatalog; path = Assets.xcassets; sourceTree = "<group>"; };
		3A98F9BF2B84EE9700148759 /* iKnow.entitlements */ = {isa = PBXFileReference; lastKnownFileType = text.plist.entitlements; path = iKnow.entitlements; sourceTree = "<group>"; };
		3A98F9C12B84EE9700148759 /* Preview Assets.xcassets */ = {isa = PBXFileReference; lastKnownFileType = folder.assetcatalog; path = "Preview Assets.xcassets"; sourceTree = "<group>"; };
		3A98F9C72B84EE9700148759 /* iKnowTests.xctest */ = {isa = PBXFileReference; explicitFileType = wrapper.cfbundle; includeInIndex = 0; path = iKnowTests.xctest; sourceTree = BUILT_PRODUCTS_DIR; };
		3A98F9CB2B84EE9700148759 /* iKnowTests.swift */ = {isa = PBXFileReference; lastKnownFileType = sourcecode.swift; path = iKnowTests.swift; sourceTree = "<group>"; };
		3A98F9D12B84EE9700148759 /* iKnowUITests.xctest */ = {isa = PBXFileReference; explicitFileType = wrapper.cfbundle; includeInIndex = 0; path = iKnowUITests.xctest; sourceTree = BUILT_PRODUCTS_DIR; };
		3A98F9D52B84EE9700148759 /* iKnowUITests.swift */ = {isa = PBXFileReference; lastKnownFileType = sourcecode.swift; path = iKnowUITests.swift; sourceTree = "<group>"; };
		3A98F9D72B84EE9700148759 /* iKnowUITestsLaunchTests.swift */ = {isa = PBXFileReference; lastKnownFileType = sourcecode.swift; path = iKnowUITestsLaunchTests.swift; sourceTree = "<group>"; };
		3AB2C1FE2B9077E100953BF9 /* AudioService.swift */ = {isa = PBXFileReference; fileEncoding = 4; lastKnownFileType = sourcecode.swift; path = AudioService.swift; sourceTree = "<group>"; };
		3AB2C1FF2B9077E100953BF9 /* NetworkService.swift */ = {isa = PBXFileReference; fileEncoding = 4; lastKnownFileType = sourcecode.swift; path = NetworkService.swift; sourceTree = "<group>"; };
		3AB2C2002B9077E100953BF9 /* AudioRecorderViewModel.swift */ = {isa = PBXFileReference; fileEncoding = 4; lastKnownFileType = sourcecode.swift; path = AudioRecorderViewModel.swift; sourceTree = "<group>"; };
/* End PBXFileReference section */

/* Begin PBXFrameworksBuildPhase section */
		3A98F9B32B84EE9500148759 /* Frameworks */ = {
			isa = PBXFrameworksBuildPhase;
			buildActionMask = 2147483647;
			files = (
			);
			runOnlyForDeploymentPostprocessing = 0;
		};
		3A98F9C42B84EE9700148759 /* Frameworks */ = {
			isa = PBXFrameworksBuildPhase;
			buildActionMask = 2147483647;
			files = (
			);
			runOnlyForDeploymentPostprocessing = 0;
		};
		3A98F9CE2B84EE9700148759 /* Frameworks */ = {
			isa = PBXFrameworksBuildPhase;
			buildActionMask = 2147483647;
			files = (
			);
			runOnlyForDeploymentPostprocessing = 0;
		};
/* End PBXFrameworksBuildPhase section */

/* Begin PBXGroup section */
		3A98F9AD2B84EE9500148759 = {
			isa = PBXGroup;
			children = (
				3A98F9B82B84EE9500148759 /* iKnow */,
				3A98F9CA2B84EE9700148759 /* iKnowTests */,
				3A98F9D42B84EE9700148759 /* iKnowUITests */,
				3A98F9B72B84EE9500148759 /* Products */,
			);
			sourceTree = "<group>";
		};
		3A98F9B72B84EE9500148759 /* Products */ = {
			isa = PBXGroup;
			children = (
				3A98F9B62B84EE9500148759 /* iKnow.app */,
				3A98F9C72B84EE9700148759 /* iKnowTests.xctest */,
				3A98F9D12B84EE9700148759 /* iKnowUITests.xctest */,
			);
			name = Products;
			sourceTree = "<group>";
		};
		3A98F9B82B84EE9500148759 /* iKnow */ = {
			isa = PBXGroup;
			children = (
				3AB2C2002B9077E100953BF9 /* AudioRecorderViewModel.swift */,
				3AB2C1FE2B9077E100953BF9 /* AudioService.swift */,
				3AB2C1FF2B9077E100953BF9 /* NetworkService.swift */,
				3A569C3E2B84F23F006E5A6B /* Info.plist */,
				3A98F9B92B84EE9500148759 /* iKnowApp.swift */,
				3A98F9BB2B84EE9500148759 /* ContentView.swift */,
				3A98F9BD2B84EE9700148759 /* Assets.xcassets */,
				3A98F9BF2B84EE9700148759 /* iKnow.entitlements */,
				3A98F9C02B84EE9700148759 /* Preview Content */,
			);
			path = iKnow;
			sourceTree = "<group>";
		};
		3A98F9C02B84EE9700148759 /* Preview Content */ = {
			isa = PBXGroup;
			children = (
				3A98F9C12B84EE9700148759 /* Preview Assets.xcassets */,
			);
			path = "Preview Content";
			sourceTree = "<group>";
		};
		3A98F9CA2B84EE9700148759 /* iKnowTests */ = {
			isa = PBXGroup;
			children = (
				3A98F9CB2B84EE9700148759 /* iKnowTests.swift */,
			);
			path = iKnowTests;
			sourceTree = "<group>";
		};
		3A98F9D42B84EE9700148759 /* iKnowUITests */ = {
			isa = PBXGroup;
			children = (
				3A98F9D52B84EE9700148759 /* iKnowUITests.swift */,
				3A98F9D72B84EE9700148759 /* iKnowUITestsLaunchTests.swift */,
			);
			path = iKnowUITests;
			sourceTree = "<group>";
		};
/* End PBXGroup section */

/* Begin PBXNativeTarget section */
		3A98F9B52B84EE9500148759 /* iKnow */ = {
			isa = PBXNativeTarget;
			buildConfigurationList = 3A98F9DB2B84EE9700148759 /* Build configuration list for PBXNativeTarget "iKnow" */;
			buildPhases = (
				3A98F9B22B84EE9500148759 /* Sources */,
				3A98F9B32B84EE9500148759 /* Frameworks */,
				3A98F9B42B84EE9500148759 /* Resources */,
			);
			buildRules = (
			);
			dependencies = (
			);
			name = iKnow;
			productName = iKnow;
			productReference = 3A98F9B62B84EE9500148759 /* iKnow.app */;
			productType = "com.apple.product-type.application";
		};
		3A98F9C62B84EE9700148759 /* iKnowTests */ = {
			isa = PBXNativeTarget;
			buildConfigurationList = 3A98F9DE2B84EE9700148759 /* Build configuration list for PBXNativeTarget "iKnowTests" */;
			buildPhases = (
				3A98F9C32B84EE9700148759 /* Sources */,
				3A98F9C42B84EE9700148759 /* Frameworks */,
				3A98F9C52B84EE9700148759 /* Resources */,
			);
			buildRules = (
			);
			dependencies = (
				3A98F9C92B84EE9700148759 /* PBXTargetDependency */,
			);
			name = iKnowTests;
			productName = iKnowTests;
			productReference = 3A98F9C72B84EE9700148759 /* iKnowTests.xctest */;
			productType = "com.apple.product-type.bundle.unit-test";
		};
		3A98F9D02B84EE9700148759 /* iKnowUITests */ = {
			isa = PBXNativeTarget;
			buildConfigurationList = 3A98F9E12B84EE9700148759 /* Build configuration list for PBXNativeTarget "iKnowUITests" */;
			buildPhases = (
				3A98F9CD2B84EE9700148759 /* Sources */,
				3A98F9CE2B84EE9700148759 /* Frameworks */,
				3A98F9CF2B84EE9700148759 /* Resources */,
			);
			buildRules = (
			);
			dependencies = (
				3A98F9D32B84EE9700148759 /* PBXTargetDependency */,
			);
			name = iKnowUITests;
			productName = iKnowUITests;
			productReference = 3A98F9D12B84EE9700148759 /* iKnowUITests.xctest */;
			productType = "com.apple.product-type.bundle.ui-testing";
		};
/* End PBXNativeTarget section */

/* Begin PBXProject section */
		3A98F9AE2B84EE9500148759 /* Project object */ = {
			isa = PBXProject;
			attributes = {
				BuildIndependentTargetsInParallel = 1;
				LastSwiftUpdateCheck = 1520;
				LastUpgradeCheck = 1520;
				TargetAttributes = {
					3A98F9B52B84EE9500148759 = {
						CreatedOnToolsVersion = 15.2;
					};
					3A98F9C62B84EE9700148759 = {
						CreatedOnToolsVersion = 15.2;
						TestTargetID = 3A98F9B52B84EE9500148759;
					};
					3A98F9D02B84EE9700148759 = {
						CreatedOnToolsVersion = 15.2;
						TestTargetID = 3A98F9B52B84EE9500148759;
					};
				};
			};
			buildConfigurationList = 3A98F9B12B84EE9500148759 /* Build configuration list for PBXProject "iKnow" */;
			compatibilityVersion = "Xcode 14.0";
			developmentRegion = en;
			hasScannedForEncodings = 0;
			knownRegions = (
				en,
				Base,
			);
			mainGroup = 3A98F9AD2B84EE9500148759;
			productRefGroup = 3A98F9B72B84EE9500148759 /* Products */;
			projectDirPath = "";
			projectRoot = "";
			targets = (
				3A98F9B52B84EE9500148759 /* iKnow */,
				3A98F9C62B84EE9700148759 /* iKnowTests */,
				3A98F9D02B84EE9700148759 /* iKnowUITests */,
			);
		};
/* End PBXProject section */

/* Begin PBXResourcesBuildPhase section */
		3A98F9B42B84EE9500148759 /* Resources */ = {
			isa = PBXResourcesBuildPhase;
			buildActionMask = 2147483647;
			files = (
				3A98F9C22B84EE9700148759 /* Preview Assets.xcassets in Resources */,
				3A98F9BE2B84EE9700148759 /* Assets.xcassets in Resources */,
			);
			runOnlyForDeploymentPostprocessing = 0;
		};
		3A98F9C52B84EE9700148759 /* Resources */ = {
			isa = PBXResourcesBuildPhase;
			buildActionMask = 2147483647;
			files = (
			);
			runOnlyForDeploymentPostprocessing = 0;
		};
		3A98F9CF2B84EE9700148759 /* Resources */ = {
			isa = PBXResourcesBuildPhase;
			buildActionMask = 2147483647;
			files = (
			);
			runOnlyForDeploymentPostprocessing = 0;
		};
/* End PBXResourcesBuildPhase section */

/* Begin PBXSourcesBuildPhase section */
		3A98F9B22B84EE9500148759 /* Sources */ = {
			isa = PBXSourcesBuildPhase;
			buildActionMask = 2147483647;
			files = (
				3AB2C2032B9077E100953BF9 /* AudioRecorderViewModel.swift in Sources */,
				3A98F9BC2B84EE9500148759 /* ContentView.swift in Sources */,
				3A98F9BA2B84EE9500148759 /* iKnowApp.swift in Sources */,
				3AB2C2022B9077E100953BF9 /* NetworkService.swift in Sources */,
				3AB2C2012B9077E100953BF9 /* AudioService.swift in Sources */,
			);
			runOnlyForDeploymentPostprocessing = 0;
		};
		3A98F9C32B84EE9700148759 /* Sources */ = {
			isa = PBXSourcesBuildPhase;
			buildActionMask = 2147483647;
			files = (
				3A98F9CC2B84EE9700148759 /* iKnowTests.swift in Sources */,
			);
			runOnlyForDeploymentPostprocessing = 0;
		};
		3A98F9CD2B84EE9700148759 /* Sources */ = {
			isa = PBXSourcesBuildPhase;
			buildActionMask = 2147483647;
			files = (
				3A98F9D62B84EE9700148759 /* iKnowUITests.swift in Sources */,
				3A98F9D82B84EE9700148759 /* iKnowUITestsLaunchTests.swift in Sources */,
			);
			runOnlyForDeploymentPostprocessing = 0;
		};
/* End PBXSourcesBuildPhase section */

/* Begin PBXTargetDependency section */
		3A98F9C92B84EE9700148759 /* PBXTargetDependency */ = {
			isa = PBXTargetDependency;
			target = 3A98F9B52B84EE9500148759 /* iKnow */;
			targetProxy = 3A98F9C82B84EE9700148759 /* PBXContainerItemProxy */;
		};
		3A98F9D32B84EE9700148759 /* PBXTargetDependency */ = {
			isa = PBXTargetDependency;
			target = 3A98F9B52B84EE9500148759 /* iKnow */;
			targetProxy = 3A98F9D22B84EE9700148759 /* PBXContainerItemProxy */;
		};
/* End PBXTargetDependency section */

/* Begin XCBuildConfiguration section */
		3A98F9D92B84EE9700148759 /* Debug */ = {
			isa = XCBuildConfiguration;
			buildSettings = {
				ALWAYS_SEARCH_USER_PATHS = NO;
				ASSETCATALOG_COMPILER_GENERATE_SWIFT_ASSET_SYMBOL_EXTENSIONS = YES;
				CLANG_ANALYZER_NONNULL = YES;
				CLANG_ANALYZER_NUMBER_OBJECT_CONVERSION = YES_AGGRESSIVE;
				CLANG_CXX_LANGUAGE_STANDARD = "gnu++20";
				CLANG_ENABLE_MODULES = YES;
				CLANG_ENABLE_OBJC_ARC = YES;
				CLANG_ENABLE_OBJC_WEAK = YES;
				CLANG_WARN_BLOCK_CAPTURE_AUTORELEASING = YES;
				CLANG_WARN_BOOL_CONVERSION = YES;
				CLANG_WARN_COMMA = YES;
				CLANG_WARN_CONSTANT_CONVERSION = YES;
				CLANG_WARN_DEPRECATED_OBJC_IMPLEMENTATIONS = YES;
				CLANG_WARN_DIRECT_OBJC_ISA_USAGE = YES_ERROR;
				CLANG_WARN_DOCUMENTATION_COMMENTS = YES;
				CLANG_WARN_EMPTY_BODY = YES;
				CLANG_WARN_ENUM_CONVERSION = YES;
				CLANG_WARN_INFINITE_RECURSION = YES;
				CLANG_WARN_INT_CONVERSION = YES;
				CLANG_WARN_NON_LITERAL_NULL_CONVERSION = YES;
				CLANG_WARN_OBJC_IMPLICIT_RETAIN_SELF = YES;
				CLANG_WARN_OBJC_LITERAL_CONVERSION = YES;
				CLANG_WARN_OBJC_ROOT_CLASS = YES_ERROR;
				CLANG_WARN_QUOTED_INCLUDE_IN_FRAMEWORK_HEADER = YES;
				CLANG_WARN_RANGE_LOOP_ANALYSIS = YES;
				CLANG_WARN_STRICT_PROTOTYPES = YES;
				CLANG_WARN_SUSPICIOUS_MOVE = YES;
				CLANG_WARN_UNGUARDED_AVAILABILITY = YES_AGGRESSIVE;
				CLANG_WARN_UNREACHABLE_CODE = YES;
				CLANG_WARN__DUPLICATE_METHOD_MATCH = YES;
				COPY_PHASE_STRIP = NO;
				DEBUG_INFORMATION_FORMAT = dwarf;
				ENABLE_STRICT_OBJC_MSGSEND = YES;
				ENABLE_TESTABILITY = YES;
				ENABLE_USER_SCRIPT_SANDBOXING = YES;
				GCC_C_LANGUAGE_STANDARD = gnu17;
				GCC_DYNAMIC_NO_PIC = NO;
				GCC_NO_COMMON_BLOCKS = YES;
				GCC_OPTIMIZATION_LEVEL = 0;
				GCC_PREPROCESSOR_DEFINITIONS = (
					"DEBUG=1",
					"$(inherited)",
				);
				GCC_WARN_64_TO_32_BIT_CONVERSION = YES;
				GCC_WARN_ABOUT_RETURN_TYPE = YES_ERROR;
				GCC_WARN_UNDECLARED_SELECTOR = YES;
				GCC_WARN_UNINITIALIZED_AUTOS = YES_AGGRESSIVE;
				GCC_WARN_UNUSED_FUNCTION = YES;
				GCC_WARN_UNUSED_VARIABLE = YES;
				IPHONEOS_DEPLOYMENT_TARGET = 17.2;
				LOCALIZATION_PREFERS_STRING_CATALOGS = YES;
				MTL_ENABLE_DEBUG_INFO = INCLUDE_SOURCE;
				MTL_FAST_MATH = YES;
				ONLY_ACTIVE_ARCH = YES;
				SWIFT_ACTIVE_COMPILATION_CONDITIONS = "DEBUG $(inherited)";
				SWIFT_OPTIMIZATION_LEVEL = "-Onone";
			};
			name = Debug;
		};
		3A98F9DA2B84EE9700148759 /* Release */ = {
			isa = XCBuildConfiguration;
			buildSettings = {
				ALWAYS_SEARCH_USER_PATHS = NO;
				ASSETCATALOG_COMPILER_GENERATE_SWIFT_ASSET_SYMBOL_EXTENSIONS = YES;
				CLANG_ANALYZER_NONNULL = YES;
				CLANG_ANALYZER_NUMBER_OBJECT_CONVERSION = YES_AGGRESSIVE;
				CLANG_CXX_LANGUAGE_STANDARD = "gnu++20";
				CLANG_ENABLE_MODULES = YES;
				CLANG_ENABLE_OBJC_ARC = YES;
				CLANG_ENABLE_OBJC_WEAK = YES;
				CLANG_WARN_BLOCK_CAPTURE_AUTORELEASING = YES;
				CLANG_WARN_BOOL_CONVERSION = YES;
				CLANG_WARN_COMMA = YES;
				CLANG_WARN_CONSTANT_CONVERSION = YES;
				CLANG_WARN_DEPRECATED_OBJC_IMPLEMENTATIONS = YES;
				CLANG_WARN_DIRECT_OBJC_ISA_USAGE = YES_ERROR;
				CLANG_WARN_DOCUMENTATION_COMMENTS = YES;
				CLANG_WARN_EMPTY_BODY = YES;
				CLANG_WARN_ENUM_CONVERSION = YES;
				CLANG_WARN_INFINITE_RECURSION = YES;
				CLANG_WARN_INT_CONVERSION = YES;
				CLANG_WARN_NON_LITERAL_NULL_CONVERSION = YES;
				CLANG_WARN_OBJC_IMPLICIT_RETAIN_SELF = YES;
				CLANG_WARN_OBJC_LITERAL_CONVERSION = YES;
				CLANG_WARN_OBJC_ROOT_CLASS = YES_ERROR;
				CLANG_WARN_QUOTED_INCLUDE_IN_FRAMEWORK_HEADER = YES;
				CLANG_WARN_RANGE_LOOP_ANALYSIS = YES;
				CLANG_WARN_STRICT_PROTOTYPES = YES;
				CLANG_WARN_SUSPICIOUS_MOVE = YES;
				CLANG_WARN_UNGUARDED_AVAILABILITY = YES_AGGRESSIVE;
				CLANG_WARN_UNREACHABLE_CODE = YES;
				CLANG_WARN__DUPLICATE_METHOD_MATCH = YES;
				COPY_PHASE_STRIP = NO;
				DEBUG_INFORMATION_FORMAT = "dwarf-with-dsym";
				ENABLE_NS_ASSERTIONS = NO;
				ENABLE_STRICT_OBJC_MSGSEND = YES;
				ENABLE_USER_SCRIPT_SANDBOXING = YES;
				GCC_C_LANGUAGE_STANDARD = gnu17;
				GCC_NO_COMMON_BLOCKS = YES;
				GCC_WARN_64_TO_32_BIT_CONVERSION = YES;
				GCC_WARN_ABOUT_RETURN_TYPE = YES_ERROR;
				GCC_WARN_UNDECLARED_SELECTOR = YES;
				GCC_WARN_UNINITIALIZED_AUTOS = YES_AGGRESSIVE;
				GCC_WARN_UNUSED_FUNCTION = YES;
				GCC_WARN_UNUSED_VARIABLE = YES;
				IPHONEOS_DEPLOYMENT_TARGET = 17.2;
				LOCALIZATION_PREFERS_STRING_CATALOGS = YES;
				MTL_ENABLE_DEBUG_INFO = NO;
				MTL_FAST_MATH = YES;
				SWIFT_COMPILATION_MODE = wholemodule;
			};
			name = Release;
		};
		3A98F9DC2B84EE9700148759 /* Debug */ = {
			isa = XCBuildConfiguration;
			buildSettings = {
				ASSETCATALOG_COMPILER_APPICON_NAME = AppIcon;
				ASSETCATALOG_COMPILER_GLOBAL_ACCENT_COLOR_NAME = AccentColor;
				CODE_SIGN_ENTITLEMENTS = iKnow/iKnow.entitlements;
				"CODE_SIGN_IDENTITY[sdk=macosx*]" = "-";
				CODE_SIGN_STYLE = Automatic;
				CURRENT_PROJECT_VERSION = 1;
				DEVELOPMENT_ASSET_PATHS = "\"iKnow/Preview Content\"";
				ENABLE_PREVIEWS = YES;
				GENERATE_INFOPLIST_FILE = YES;
				INFOPLIST_FILE = iKnow/Info.plist;
				"INFOPLIST_KEY_UIApplicationSceneManifest_Generation[sdk=iphoneos*]" = YES;
				"INFOPLIST_KEY_UIApplicationSceneManifest_Generation[sdk=iphonesimulator*]" = YES;
				"INFOPLIST_KEY_UIApplicationSupportsIndirectInputEvents[sdk=iphoneos*]" = YES;
				"INFOPLIST_KEY_UIApplicationSupportsIndirectInputEvents[sdk=iphonesimulator*]" = YES;
				"INFOPLIST_KEY_UILaunchScreen_Generation[sdk=iphoneos*]" = YES;
				"INFOPLIST_KEY_UILaunchScreen_Generation[sdk=iphonesimulator*]" = YES;
				"INFOPLIST_KEY_UIStatusBarStyle[sdk=iphoneos*]" = UIStatusBarStyleDefault;
				"INFOPLIST_KEY_UIStatusBarStyle[sdk=iphonesimulator*]" = UIStatusBarStyleDefault;
				INFOPLIST_KEY_UISupportedInterfaceOrientations_iPad = "UIInterfaceOrientationPortrait UIInterfaceOrientationPortraitUpsideDown UIInterfaceOrientationLandscapeLeft UIInterfaceOrientationLandscapeRight";
				INFOPLIST_KEY_UISupportedInterfaceOrientations_iPhone = "UIInterfaceOrientationPortrait UIInterfaceOrientationLandscapeLeft UIInterfaceOrientationLandscapeRight";
				IPHONEOS_DEPLOYMENT_TARGET = 17.2;
				LD_RUNPATH_SEARCH_PATHS = "@executable_path/Frameworks";
				"LD_RUNPATH_SEARCH_PATHS[sdk=macosx*]" = "@executable_path/../Frameworks";
				MACOSX_DEPLOYMENT_TARGET = 13.5;
				MARKETING_VERSION = 1.0;
				PRODUCT_BUNDLE_IDENTIFIER = "T-Systems.iKnow";
				PRODUCT_NAME = "$(TARGET_NAME)";
				SDKROOT = auto;
				SUPPORTED_PLATFORMS = "iphoneos iphonesimulator";
				SUPPORTS_MACCATALYST = NO;
				SWIFT_EMIT_LOC_STRINGS = YES;
				SWIFT_VERSION = 5.0;
				TARGETED_DEVICE_FAMILY = "1,2";
			};
			name = Debug;
		};
		3A98F9DD2B84EE9700148759 /* Release */ = {
			isa = XCBuildConfiguration;
			buildSettings = {
				ASSETCATALOG_COMPILER_APPICON_NAME = AppIcon;
				ASSETCATALOG_COMPILER_GLOBAL_ACCENT_COLOR_NAME = AccentColor;
				CODE_SIGN_ENTITLEMENTS = iKnow/iKnow.entitlements;
				"CODE_SIGN_IDENTITY[sdk=macosx*]" = "-";
				CODE_SIGN_STYLE = Automatic;
				CURRENT_PROJECT_VERSION = 1;
				DEVELOPMENT_ASSET_PATHS = "\"iKnow/Preview Content\"";
				ENABLE_PREVIEWS = YES;
				GENERATE_INFOPLIST_FILE = YES;
				INFOPLIST_FILE = iKnow/Info.plist;
				"INFOPLIST_KEY_UIApplicationSceneManifest_Generation[sdk=iphoneos*]" = YES;
				"INFOPLIST_KEY_UIApplicationSceneManifest_Generation[sdk=iphonesimulator*]" = YES;
				"INFOPLIST_KEY_UIApplicationSupportsIndirectInputEvents[sdk=iphoneos*]" = YES;
				"INFOPLIST_KEY_UIApplicationSupportsIndirectInputEvents[sdk=iphonesimulator*]" = YES;
				"INFOPLIST_KEY_UILaunchScreen_Generation[sdk=iphoneos*]" = YES;
				"INFOPLIST_KEY_UILaunchScreen_Generation[sdk=iphonesimulator*]" = YES;
				"INFOPLIST_KEY_UIStatusBarStyle[sdk=iphoneos*]" = UIStatusBarStyleDefault;
				"INFOPLIST_KEY_UIStatusBarStyle[sdk=iphonesimulator*]" = UIStatusBarStyleDefault;
				INFOPLIST_KEY_UISupportedInterfaceOrientations_iPad = "UIInterfaceOrientationPortrait UIInterfaceOrientationPortraitUpsideDown UIInterfaceOrientationLandscapeLeft UIInterfaceOrientationLandscapeRight";
				INFOPLIST_KEY_UISupportedInterfaceOrientations_iPhone = "UIInterfaceOrientationPortrait UIInterfaceOrientationLandscapeLeft UIInterfaceOrientationLandscapeRight";
				IPHONEOS_DEPLOYMENT_TARGET = 17.2;
				LD_RUNPATH_SEARCH_PATHS = "@executable_path/Frameworks";
				"LD_RUNPATH_SEARCH_PATHS[sdk=macosx*]" = "@executable_path/../Frameworks";
				MACOSX_DEPLOYMENT_TARGET = 13.5;
				MARKETING_VERSION = 1.0;
				PRODUCT_BUNDLE_IDENTIFIER = "T-Systems.iKnow";
				PRODUCT_NAME = "$(TARGET_NAME)";
				SDKROOT = auto;
				SUPPORTED_PLATFORMS = "iphoneos iphonesimulator";
				SUPPORTS_MACCATALYST = NO;
				SWIFT_EMIT_LOC_STRINGS = YES;
				SWIFT_VERSION = 5.0;
				TARGETED_DEVICE_FAMILY = "1,2";
			};
			name = Release;
		};
		3A98F9DF2B84EE9700148759 /* Debug */ = {
			isa = XCBuildConfiguration;
			buildSettings = {
				ALWAYS_EMBED_SWIFT_STANDARD_LIBRARIES = YES;
				BUNDLE_LOADER = "$(TEST_HOST)";
				CODE_SIGN_STYLE = Automatic;
				CURRENT_PROJECT_VERSION = 1;
				GENERATE_INFOPLIST_FILE = YES;
				IPHONEOS_DEPLOYMENT_TARGET = 17.2;
				MACOSX_DEPLOYMENT_TARGET = 13.5;
				MARKETING_VERSION = 1.0;
				PRODUCT_BUNDLE_IDENTIFIER = "T-Systems.iKnowTests";
				PRODUCT_NAME = "$(TARGET_NAME)";
				SDKROOT = auto;
				SUPPORTED_PLATFORMS = "iphoneos iphonesimulator";
				SUPPORTS_MACCATALYST = NO;
				SWIFT_EMIT_LOC_STRINGS = NO;
				SWIFT_VERSION = 5.0;
				TARGETED_DEVICE_FAMILY = "1,2";
				TEST_HOST = "$(BUILT_PRODUCTS_DIR)/iKnow.app/$(BUNDLE_EXECUTABLE_FOLDER_PATH)/iKnow";
			};
			name = Debug;
		};
		3A98F9E02B84EE9700148759 /* Release */ = {
			isa = XCBuildConfiguration;
			buildSettings = {
				ALWAYS_EMBED_SWIFT_STANDARD_LIBRARIES = YES;
				BUNDLE_LOADER = "$(TEST_HOST)";
				CODE_SIGN_STYLE = Automatic;
				CURRENT_PROJECT_VERSION = 1;
				GENERATE_INFOPLIST_FILE = YES;
				IPHONEOS_DEPLOYMENT_TARGET = 17.2;
				MACOSX_DEPLOYMENT_TARGET = 13.5;
				MARKETING_VERSION = 1.0;
				PRODUCT_BUNDLE_IDENTIFIER = "T-Systems.iKnowTests";
				PRODUCT_NAME = "$(TARGET_NAME)";
				SDKROOT = auto;
				SUPPORTED_PLATFORMS = "iphoneos iphonesimulator";
				SUPPORTS_MACCATALYST = NO;
				SWIFT_EMIT_LOC_STRINGS = NO;
				SWIFT_VERSION = 5.0;
				TARGETED_DEVICE_FAMILY = "1,2";
				TEST_HOST = "$(BUILT_PRODUCTS_DIR)/iKnow.app/$(BUNDLE_EXECUTABLE_FOLDER_PATH)/iKnow";
			};
			name = Release;
		};
		3A98F9E22B84EE9700148759 /* Debug */ = {
			isa = XCBuildConfiguration;
			buildSettings = {
				ALWAYS_EMBED_SWIFT_STANDARD_LIBRARIES = YES;
				CODE_SIGN_STYLE = Automatic;
				CURRENT_PROJECT_VERSION = 1;
				GENERATE_INFOPLIST_FILE = YES;
				IPHONEOS_DEPLOYMENT_TARGET = 17.2;
				MACOSX_DEPLOYMENT_TARGET = 13.5;
				MARKETING_VERSION = 1.0;
				PRODUCT_BUNDLE_IDENTIFIER = "T-Systems.iKnowUITests";
				PRODUCT_NAME = "$(TARGET_NAME)";
				SDKROOT = auto;
				SUPPORTED_PLATFORMS = "iphoneos iphonesimulator";
				SUPPORTS_MACCATALYST = NO;
				SWIFT_EMIT_LOC_STRINGS = NO;
				SWIFT_VERSION = 5.0;
				TARGETED_DEVICE_FAMILY = "1,2";
				TEST_TARGET_NAME = iKnow;
			};
			name = Debug;
		};
		3A98F9E32B84EE9700148759 /* Release */ = {
			isa = XCBuildConfiguration;
			buildSettings = {
				ALWAYS_EMBED_SWIFT_STANDARD_LIBRARIES = YES;
				CODE_SIGN_STYLE = Automatic;
				CURRENT_PROJECT_VERSION = 1;
				GENERATE_INFOPLIST_FILE = YES;
				IPHONEOS_DEPLOYMENT_TARGET = 17.2;
				MACOSX_DEPLOYMENT_TARGET = 13.5;
				MARKETING_VERSION = 1.0;
				PRODUCT_BUNDLE_IDENTIFIER = "T-Systems.iKnowUITests";
				PRODUCT_NAME = "$(TARGET_NAME)";
				SDKROOT = auto;
				SUPPORTED_PLATFORMS = "iphoneos iphonesimulator";
				SUPPORTS_MACCATALYST = NO;
				SWIFT_EMIT_LOC_STRINGS = NO;
				SWIFT_VERSION = 5.0;
				TARGETED_DEVICE_FAMILY = "1,2";
				TEST_TARGET_NAME = iKnow;
			};
			name = Release;
		};
/* End XCBuildConfiguration section */

/* Begin XCConfigurationList section */
		3A98F9B12B84EE9500148759 /* Build configuration list for PBXProject "iKnow" */ = {
			isa = XCConfigurationList;
			buildConfigurations = (
				3A98F9D92B84EE9700148759 /* Debug */,
				3A98F9DA2B84EE9700148759 /* Release */,
			);
			defaultConfigurationIsVisible = 0;
			defaultConfigurationName = Release;
		};
		3A98F9DB2B84EE9700148759 /* Build configuration list for PBXNativeTarget "iKnow" */ = {
			isa = XCConfigurationList;
			buildConfigurations = (
				3A98F9DC2B84EE9700148759 /* Debug */,
				3A98F9DD2B84EE9700148759 /* Release */,
			);
			defaultConfigurationIsVisible = 0;
			defaultConfigurationName = Release;
		};
		3A98F9DE2B84EE9700148759 /* Build configuration list for PBXNativeTarget "iKnowTests" */ = {
			isa = XCConfigurationList;
			buildConfigurations = (
				3A98F9DF2B84EE9700148759 /* Debug */,
				3A98F9E02B84EE9700148759 /* Release */,
			);
			defaultConfigurationIsVisible = 0;
			defaultConfigurationName = Release;
		};
		3A98F9E12B84EE9700148759 /* Build configuration list for PBXNativeTarget "iKnowUITests" */ = {
			isa = XCConfigurationList;
			buildConfigurations = (
				3A98F9E22B84EE9700148759 /* Debug */,
				3A98F9E32B84EE9700148759 /* Release */,
			);
			defaultConfigurationIsVisible = 0;
			defaultConfigurationName = Release;
		};
/* End XCConfigurationList section */
	};
	rootObject = 3A98F9AE2B84EE9500148759 /* Project object */;
}
